// !$*UTF8*$!
{
	archiveVersion = 1;
	classes = {
	};
	objectVersion = 46;
	objects = {

/* Begin PBXBuildFile section */
		3F1FB74B1DF5DBD300BC641B /* AppDelegate.swift in Sources */ = {isa = PBXBuildFile; fileRef = 3F1FB74A1DF5DBD300BC641B /* AppDelegate.swift */; };
		3F1FB74D1DF5DBD300BC641B /* ViewController.swift in Sources */ = {isa = PBXBuildFile; fileRef = 3F1FB74C1DF5DBD300BC641B /* ViewController.swift */; };
		3F1FB7501DF5DBD300BC641B /* Main.storyboard in Resources */ = {isa = PBXBuildFile; fileRef = 3F1FB74E1DF5DBD300BC641B /* Main.storyboard */; };
		3F1FB7521DF5DBD300BC641B /* Assets.xcassets in Resources */ = {isa = PBXBuildFile; fileRef = 3F1FB7511DF5DBD300BC641B /* Assets.xcassets */; };
		3F1FB7551DF5DBD300BC641B /* LaunchScreen.storyboard in Resources */ = {isa = PBXBuildFile; fileRef = 3F1FB7531DF5DBD300BC641B /* LaunchScreen.storyboard */; };
		3F1FB7601DF5DBD300BC641B /* Mysterious_8_BallTests.swift in Sources */ = {isa = PBXBuildFile; fileRef = 3F1FB75F1DF5DBD300BC641B /* Mysterious_8_BallTests.swift */; };
		3F1FB76B1DF5DBD300BC641B /* Mysterious_8_BallUITests.swift in Sources */ = {isa = PBXBuildFile; fileRef = 3F1FB76A1DF5DBD300BC641B /* Mysterious_8_BallUITests.swift */; };
		3F1FB7791DF61EBE00BC641B /* SecondViewController.swift in Sources */ = {isa = PBXBuildFile; fileRef = 3F1FB7781DF61EBE00BC641B /* SecondViewController.swift */; };
/* End PBXBuildFile section */

/* Begin PBXContainerItemProxy section */
		3F1FB75C1DF5DBD300BC641B /* PBXContainerItemProxy */ = {
			isa = PBXContainerItemProxy;
			containerPortal = 3F1FB73F1DF5DBD200BC641B /* Project object */;
			proxyType = 1;
			remoteGlobalIDString = 3F1FB7461DF5DBD200BC641B;
			remoteInfo = "Mysterious 8 Ball";
		};
		3F1FB7671DF5DBD300BC641B /* PBXContainerItemProxy */ = {
			isa = PBXContainerItemProxy;
			containerPortal = 3F1FB73F1DF5DBD200BC641B /* Project object */;
			proxyType = 1;
			remoteGlobalIDString = 3F1FB7461DF5DBD200BC641B;
			remoteInfo = "Mysterious 8 Ball";
		};
/* End PBXContainerItemProxy section */

/* Begin PBXFileReference section */
		3F1FB7471DF5DBD300BC641B /* Mysterious 8 Ball.app */ = {isa = PBXFileReference; explicitFileType = wrapper.application; includeInIndex = 0; path = "Mysterious 8 Ball.app"; sourceTree = BUILT_PRODUCTS_DIR; };
		3F1FB74A1DF5DBD300BC641B /* AppDelegate.swift */ = {isa = PBXFileReference; lastKnownFileType = sourcecode.swift; path = AppDelegate.swift; sourceTree = "<group>"; };
		3F1FB74C1DF5DBD300BC641B /* ViewController.swift */ = {isa = PBXFileReference; lastKnownFileType = sourcecode.swift; path = ViewController.swift; sourceTree = "<group>"; };
		3F1FB74F1DF5DBD300BC641B /* Base */ = {isa = PBXFileReference; lastKnownFileType = file.storyboard; name = Base; path = Base.lproj/Main.storyboard; sourceTree = "<group>"; };
		3F1FB7511DF5DBD300BC641B /* Assets.xcassets */ = {isa = PBXFileReference; lastKnownFileType = folder.assetcatalog; path = Assets.xcassets; sourceTree = "<group>"; };
		3F1FB7541DF5DBD300BC641B /* Base */ = {isa = PBXFileReference; lastKnownFileType = file.storyboard; name = Base; path = Base.lproj/LaunchScreen.storyboard; sourceTree = "<group>"; };
		3F1FB7561DF5DBD300BC641B /* Info.plist */ = {isa = PBXFileReference; lastKnownFileType = text.plist.xml; path = Info.plist; sourceTree = "<group>"; };
		3F1FB75B1DF5DBD300BC641B /* Mysterious 8 BallTests.xctest */ = {isa = PBXFileReference; explicitFileType = wrapper.cfbundle; includeInIndex = 0; path = "Mysterious 8 BallTests.xctest"; sourceTree = BUILT_PRODUCTS_DIR; };
		3F1FB75F1DF5DBD300BC641B /* Mysterious_8_BallTests.swift */ = {isa = PBXFileReference; lastKnownFileType = sourcecode.swift; path = Mysterious_8_BallTests.swift; sourceTree = "<group>"; };
		3F1FB7611DF5DBD300BC641B /* Info.plist */ = {isa = PBXFileReference; lastKnownFileType = text.plist.xml; path = Info.plist; sourceTree = "<group>"; };
		3F1FB7661DF5DBD300BC641B /* Mysterious 8 BallUITests.xctest */ = {isa = PBXFileReference; explicitFileType = wrapper.cfbundle; includeInIndex = 0; path = "Mysterious 8 BallUITests.xctest"; sourceTree = BUILT_PRODUCTS_DIR; };
		3F1FB76A1DF5DBD300BC641B /* Mysterious_8_BallUITests.swift */ = {isa = PBXFileReference; lastKnownFileType = sourcecode.swift; path = Mysterious_8_BallUITests.swift; sourceTree = "<group>"; };
		3F1FB76C1DF5DBD300BC641B /* Info.plist */ = {isa = PBXFileReference; lastKnownFileType = text.plist.xml; path = Info.plist; sourceTree = "<group>"; };
		3F1FB7781DF61EBE00BC641B /* SecondViewController.swift */ = {isa = PBXFileReference; fileEncoding = 4; lastKnownFileType = sourcecode.swift; path = SecondViewController.swift; sourceTree = "<group>"; };
/* End PBXFileReference section */

/* Begin PBXFrameworksBuildPhase section */
		3F1FB7441DF5DBD200BC641B /* Frameworks */ = {
			isa = PBXFrameworksBuildPhase;
			buildActionMask = 2147483647;
			files = (
			);
			runOnlyForDeploymentPostprocessing = 0;
		};
		3F1FB7581DF5DBD300BC641B /* Frameworks */ = {
			isa = PBXFrameworksBuildPhase;
			buildActionMask = 2147483647;
			files = (
			);
			runOnlyForDeploymentPostprocessing = 0;
		};
		3F1FB7631DF5DBD300BC641B /* Frameworks */ = {
			isa = PBXFrameworksBuildPhase;
			buildActionMask = 2147483647;
			files = (
			);
			runOnlyForDeploymentPostprocessing = 0;
		};
/* End PBXFrameworksBuildPhase section */

/* Begin PBXGroup section */
		3F1FB73E1DF5DBD200BC641B = {
			isa = PBXGroup;
			children = (
				3F1FB7491DF5DBD300BC641B /* Mysterious 8 Ball */,
				3F1FB75E1DF5DBD300BC641B /* Mysterious 8 BallTests */,
				3F1FB7691DF5DBD300BC641B /* Mysterious 8 BallUITests */,
				3F1FB7481DF5DBD300BC641B /* Products */,
			);
			sourceTree = "<group>";
		};
		3F1FB7481DF5DBD300BC641B /* Products */ = {
			isa = PBXGroup;
			children = (
				3F1FB7471DF5DBD300BC641B /* Mysterious 8 Ball.app */,
				3F1FB75B1DF5DBD300BC641B /* Mysterious 8 BallTests.xctest */,
				3F1FB7661DF5DBD300BC641B /* Mysterious 8 BallUITests.xctest */,
			);
			name = Products;
			sourceTree = "<group>";
		};
		3F1FB7491DF5DBD300BC641B /* Mysterious 8 Ball */ = {
			isa = PBXGroup;
			children = (
				3F1FB74A1DF5DBD300BC641B /* AppDelegate.swift */,
				3F1FB74C1DF5DBD300BC641B /* ViewController.swift */,
				3F1FB74E1DF5DBD300BC641B /* Main.storyboard */,
				3F1FB7781DF61EBE00BC641B /* SecondViewController.swift */,
				3F1FB7511DF5DBD300BC641B /* Assets.xcassets */,
				3F1FB7531DF5DBD300BC641B /* LaunchScreen.storyboard */,
				3F1FB7561DF5DBD300BC641B /* Info.plist */,
			);
			path = "Mysterious 8 Ball";
			sourceTree = "<group>";
		};
		3F1FB75E1DF5DBD300BC641B /* Mysterious 8 BallTests */ = {
			isa = PBXGroup;
			children = (
				3F1FB75F1DF5DBD300BC641B /* Mysterious_8_BallTests.swift */,
				3F1FB7611DF5DBD300BC641B /* Info.plist */,
			);
			path = "Mysterious 8 BallTests";
			sourceTree = "<group>";
		};
		3F1FB7691DF5DBD300BC641B /* Mysterious 8 BallUITests */ = {
			isa = PBXGroup;
			children = (
				3F1FB76A1DF5DBD300BC641B /* Mysterious_8_BallUITests.swift */,
				3F1FB76C1DF5DBD300BC641B /* Info.plist */,
			);
			path = "Mysterious 8 BallUITests";
			sourceTree = "<group>";
		};
/* End PBXGroup section */

/* Begin PBXNativeTarget section */
		3F1FB7461DF5DBD200BC641B /* Mysterious 8 Ball */ = {
			isa = PBXNativeTarget;
			buildConfigurationList = 3F1FB76F1DF5DBD300BC641B /* Build configuration list for PBXNativeTarget "Mysterious 8 Ball" */;
			buildPhases = (
				3F1FB7431DF5DBD200BC641B /* Sources */,
				3F1FB7441DF5DBD200BC641B /* Frameworks */,
				3F1FB7451DF5DBD200BC641B /* Resources */,
			);
			buildRules = (
			);
			dependencies = (
			);
			name = "Mysterious 8 Ball";
			productName = "Mysterious 8 Ball";
			productReference = 3F1FB7471DF5DBD300BC641B /* Mysterious 8 Ball.app */;
			productType = "com.apple.product-type.application";
		};
		3F1FB75A1DF5DBD300BC641B /* Mysterious 8 BallTests */ = {
			isa = PBXNativeTarget;
			buildConfigurationList = 3F1FB7721DF5DBD300BC641B /* Build configuration list for PBXNativeTarget "Mysterious 8 BallTests" */;
			buildPhases = (
				3F1FB7571DF5DBD300BC641B /* Sources */,
				3F1FB7581DF5DBD300BC641B /* Frameworks */,
				3F1FB7591DF5DBD300BC641B /* Resources */,
			);
			buildRules = (
			);
			dependencies = (
				3F1FB75D1DF5DBD300BC641B /* PBXTargetDependency */,
			);
			name = "Mysterious 8 BallTests";
			productName = "Mysterious 8 BallTests";
			productReference = 3F1FB75B1DF5DBD300BC641B /* Mysterious 8 BallTests.xctest */;
			productType = "com.apple.product-type.bundle.unit-test";
		};
		3F1FB7651DF5DBD300BC641B /* Mysterious 8 BallUITests */ = {
			isa = PBXNativeTarget;
			buildConfigurationList = 3F1FB7751DF5DBD300BC641B /* Build configuration list for PBXNativeTarget "Mysterious 8 BallUITests" */;
			buildPhases = (
				3F1FB7621DF5DBD300BC641B /* Sources */,
				3F1FB7631DF5DBD300BC641B /* Frameworks */,
				3F1FB7641DF5DBD300BC641B /* Resources */,
			);
			buildRules = (
			);
			dependencies = (
				3F1FB7681DF5DBD300BC641B /* PBXTargetDependency */,
			);
			name = "Mysterious 8 BallUITests";
			productName = "Mysterious 8 BallUITests";
			productReference = 3F1FB7661DF5DBD300BC641B /* Mysterious 8 BallUITests.xctest */;
			productType = "com.apple.product-type.bundle.ui-testing";
		};
/* End PBXNativeTarget section */

/* Begin PBXProject section */
		3F1FB73F1DF5DBD200BC641B /* Project object */ = {
			isa = PBXProject;
			attributes = {
				LastSwiftUpdateCheck = 0810;
				LastUpgradeCheck = 0810;
				ORGANIZATIONNAME = Student;
				TargetAttributes = {
					3F1FB7461DF5DBD200BC641B = {
						CreatedOnToolsVersion = 8.1;
						DevelopmentTeam = 495Q2V2WJZ;
						ProvisioningStyle = Automatic;
					};
					3F1FB75A1DF5DBD300BC641B = {
						CreatedOnToolsVersion = 8.1;
						DevelopmentTeam = 495Q2V2WJZ;
						ProvisioningStyle = Automatic;
						TestTargetID = 3F1FB7461DF5DBD200BC641B;
					};
					3F1FB7651DF5DBD300BC641B = {
						CreatedOnToolsVersion = 8.1;
						DevelopmentTeam = 495Q2V2WJZ;
						ProvisioningStyle = Automatic;
						TestTargetID = 3F1FB7461DF5DBD200BC641B;
					};
				};
			};
			buildConfigurationList = 3F1FB7421DF5DBD200BC641B /* Build configuration list for PBXProject "Mysterious 8 Ball" */;
			compatibilityVersion = "Xcode 3.2";
			developmentRegion = English;
			hasScannedForEncodings = 0;
			knownRegions = (
				en,
				Base,
			);
			mainGroup = 3F1FB73E1DF5DBD200BC641B;
			productRefGroup = 3F1FB7481DF5DBD300BC641B /* Products */;
			projectDirPath = "";
			projectRoot = "";
			targets = (
				3F1FB7461DF5DBD200BC641B /* Mysterious 8 Ball */,
				3F1FB75A1DF5DBD300BC641B /* Mysterious 8 BallTests */,
				3F1FB7651DF5DBD300BC641B /* Mysterious 8 BallUITests */,
			);
		};
/* End PBXProject section */

/* Begin PBXResourcesBuildPhase section */
		3F1FB7451DF5DBD200BC641B /* Resources */ = {
			isa = PBXResourcesBuildPhase;
			buildActionMask = 2147483647;
			files = (
				3F1FB7551DF5DBD300BC641B /* LaunchScreen.storyboard in Resources */,
				3F1FB7521DF5DBD300BC641B /* Assets.xcassets in Resources */,
				3F1FB7501DF5DBD300BC641B /* Main.storyboard in Resources */,
			);
			runOnlyForDeploymentPostprocessing = 0;
		};
		3F1FB7591DF5DBD300BC641B /* Resources */ = {
			isa = PBXResourcesBuildPhase;
			buildActionMask = 2147483647;
			files = (
			);
			runOnlyForDeploymentPostprocessing = 0;
		};
		3F1FB7641DF5DBD300BC641B /* Resources */ = {
			isa = PBXResourcesBuildPhase;
			buildActionMask = 2147483647;
			files = (
			);
			runOnlyForDeploymentPostprocessing = 0;
		};
/* End PBXResourcesBuildPhase section */

/* Begin PBXSourcesBuildPhase section */
		3F1FB7431DF5DBD200BC641B /* Sources */ = {
			isa = PBXSourcesBuildPhase;
			buildActionMask = 2147483647;
			files = (
				3F1FB7791DF61EBE00BC641B /* SecondViewController.swift in Sources */,
				3F1FB74D1DF5DBD300BC641B /* ViewController.swift in Sources */,
				3F1FB74B1DF5DBD300BC641B /* AppDelegate.swift in Sources */,
			);
			runOnlyForDeploymentPostprocessing = 0;
		};
		3F1FB7571DF5DBD300BC641B /* Sources */ = {
			isa = PBXSourcesBuildPhase;
			buildActionMask = 2147483647;
			files = (
				3F1FB7601DF5DBD300BC641B /* Mysterious_8_BallTests.swift in Sources */,
			);
			runOnlyForDeploymentPostprocessing = 0;
		};
		3F1FB7621DF5DBD300BC641B /* Sources */ = {
			isa = PBXSourcesBuildPhase;
			buildActionMask = 2147483647;
			files = (
				3F1FB76B1DF5DBD300BC641B /* Mysterious_8_BallUITests.swift in Sources */,
			);
			runOnlyForDeploymentPostprocessing = 0;
		};
/* End PBXSourcesBuildPhase section */

/* Begin PBXTargetDependency section */
		3F1FB75D1DF5DBD300BC641B /* PBXTargetDependency */ = {
			isa = PBXTargetDependency;
			target = 3F1FB7461DF5DBD200BC641B /* Mysterious 8 Ball */;
			targetProxy = 3F1FB75C1DF5DBD300BC641B /* PBXContainerItemProxy */;
		};
		3F1FB7681DF5DBD300BC641B /* PBXTargetDependency */ = {
			isa = PBXTargetDependency;
			target = 3F1FB7461DF5DBD200BC641B /* Mysterious 8 Ball */;
			targetProxy = 3F1FB7671DF5DBD300BC641B /* PBXContainerItemProxy */;
		};
/* End PBXTargetDependency section */

/* Begin PBXVariantGroup section */
		3F1FB74E1DF5DBD300BC641B /* Main.storyboard */ = {
			isa = PBXVariantGroup;
			children = (
				3F1FB74F1DF5DBD300BC641B /* Base */,
			);
			name = Main.storyboard;
			sourceTree = "<group>";
		};
		3F1FB7531DF5DBD300BC641B /* LaunchScreen.storyboard */ = {
			isa = PBXVariantGroup;
			children = (
				3F1FB7541DF5DBD300BC641B /* Base */,
			);
			name = LaunchScreen.storyboard;
			sourceTree = "<group>";
		};
/* End PBXVariantGroup section */

/* Begin XCBuildConfiguration section */
		3F1FB76D1DF5DBD300BC641B /* Debug */ = {
			isa = XCBuildConfiguration;
			buildSettings = {
				ALWAYS_SEARCH_USER_PATHS = NO;
				CLANG_ANALYZER_NONNULL = YES;
				CLANG_CXX_LANGUAGE_STANDARD = "gnu++0x";
				CLANG_CXX_LIBRARY = "libc++";
				CLANG_ENABLE_MODULES = YES;
				CLANG_ENABLE_OBJC_ARC = YES;
				CLANG_WARN_BOOL_CONVERSION = YES;
				CLANG_WARN_CONSTANT_CONVERSION = YES;
				CLANG_WARN_DIRECT_OBJC_ISA_USAGE = YES_ERROR;
				CLANG_WARN_DOCUMENTATION_COMMENTS = YES;
				CLANG_WARN_EMPTY_BODY = YES;
				CLANG_WARN_ENUM_CONVERSION = YES;
				CLANG_WARN_INFINITE_RECURSION = YES;
				CLANG_WARN_INT_CONVERSION = YES;
				CLANG_WARN_OBJC_ROOT_CLASS = YES_ERROR;
				CLANG_WARN_SUSPICIOUS_MOVES = YES;
				CLANG_WARN_UNREACHABLE_CODE = YES;
				CLANG_WARN__DUPLICATE_METHOD_MATCH = YES;
				"CODE_SIGN_IDENTITY[sdk=iphoneos*]" = "iPhone Developer";
				COPY_PHASE_STRIP = NO;
				DEBUG_INFORMATION_FORMAT = dwarf;
				ENABLE_STRICT_OBJC_MSGSEND = YES;
				ENABLE_TESTABILITY = YES;
				GCC_C_LANGUAGE_STANDARD = gnu99;
				GCC_DYNAMIC_NO_PIC = NO;
				GCC_NO_COMMON_BLOCKS = YES;
				GCC_OPTIMIZATION_LEVEL = 0;
				GCC_PREPROCESSOR_DEFINITIONS = (
					"DEBUG=1",
					"$(inherited)",
				);
				GCC_WARN_64_TO_32_BIT_CONVERSION = YES;
				GCC_WARN_ABOUT_RETURN_TYPE = YES_ERROR;
				GCC_WARN_UNDECLARED_SELECTOR = YES;
				GCC_WARN_UNINITIALIZED_AUTOS = YES_AGGRESSIVE;
				GCC_WARN_UNUSED_FUNCTION = YES;
				GCC_WARN_UNUSED_VARIABLE = YES;
				IPHONEOS_DEPLOYMENT_TARGET = 10.1;
				MTL_ENABLE_DEBUG_INFO = YES;
				ONLY_ACTIVE_ARCH = YES;
				SDKROOT = iphoneos;
				SWIFT_ACTIVE_COMPILATION_CONDITIONS = DEBUG;
				SWIFT_OPTIMIZATION_LEVEL = "-Onone";
				TARGETED_DEVICE_FAMILY = "1,2";
			};
			name = Debug;
		};
		3F1FB76E1DF5DBD300BC641B /* Release */ = {
			isa = XCBuildConfiguration;
			buildSettings = {
				ALWAYS_SEARCH_USER_PATHS = NO;
				CLANG_ANALYZER_NONNULL = YES;
				CLANG_CXX_LANGUAGE_STANDARD = "gnu++0x";
				CLANG_CXX_LIBRARY = "libc++";
				CLANG_ENABLE_MODULES = YES;
				CLANG_ENABLE_OBJC_ARC = YES;
				CLANG_WARN_BOOL_CONVERSION = YES;
				CLANG_WARN_CONSTANT_CONVERSION = YES;
				CLANG_WARN_DIRECT_OBJC_ISA_USAGE = YES_ERROR;
				CLANG_WARN_DOCUMENTATION_COMMENTS = YES;
				CLANG_WARN_EMPTY_BODY = YES;
				CLANG_WARN_ENUM_CONVERSION = YES;
				CLANG_WARN_INFINITE_RECURSION = YES;
				CLANG_WARN_INT_CONVERSION = YES;
				CLANG_WARN_OBJC_ROOT_CLASS = YES_ERROR;
				CLANG_WARN_SUSPICIOUS_MOVES = YES;
				CLANG_WARN_UNREACHABLE_CODE = YES;
				CLANG_WARN__DUPLICATE_METHOD_MATCH = YES;
				"CODE_SIGN_IDENTITY[sdk=iphoneos*]" = "iPhone Developer";
				COPY_PHASE_STRIP = NO;
				DEBUG_INFORMATION_FORMAT = "dwarf-with-dsym";
				ENABLE_NS_ASSERTIONS = NO;
				ENABLE_STRICT_OBJC_MSGSEND = YES;
				GCC_C_LANGUAGE_STANDARD = gnu99;
				GCC_NO_COMMON_BLOCKS = YES;
				GCC_WARN_64_TO_32_BIT_CONVERSION = YES;
				GCC_WARN_ABOUT_RETURN_TYPE = YES_ERROR;
				GCC_WARN_UNDECLARED_SELECTOR = YES;
				GCC_WARN_UNINITIALIZED_AUTOS = YES_AGGRESSIVE;
				GCC_WARN_UNUSED_FUNCTION = YES;
				GCC_WARN_UNUSED_VARIABLE = YES;
				IPHONEOS_DEPLOYMENT_TARGET = 10.1;
				MTL_ENABLE_DEBUG_INFO = NO;
				SDKROOT = iphoneos;
				SWIFT_OPTIMIZATION_LEVEL = "-Owholemodule";
				TARGETED_DEVICE_FAMILY = "1,2";
				VALIDATE_PRODUCT = YES;
			};
			name = Release;
		};
		3F1FB7701DF5DBD300BC641B /* Debug */ = {
			isa = XCBuildConfiguration;
			buildSettings = {
				ASSETCATALOG_COMPILER_APPICON_NAME = AppIcon;
				DEVELOPMENT_TEAM = 495Q2V2WJZ;
				INFOPLIST_FILE = "Mysterious 8 Ball/Info.plist";
				IPHONEOS_DEPLOYMENT_TARGET = 9.3;
				LD_RUNPATH_SEARCH_PATHS = "$(inherited) @executable_path/Frameworks";
				PRODUCT_BUNDLE_IDENTIFIER = "o.Mysterious-8-Ball";
				PRODUCT_NAME = "$(TARGET_NAME)";
				SWIFT_VERSION = 3.0;
			};
			name = Debug;
		};
		3F1FB7711DF5DBD300BC641B /* Release */ = {
			isa = XCBuildConfiguration;
			buildSettings = {
				ASSETCATALOG_COMPILER_APPICON_NAME = AppIcon;
				DEVELOPMENT_TEAM = 495Q2V2WJZ;
				INFOPLIST_FILE = "Mysterious 8 Ball/Info.plist";
				IPHONEOS_DEPLOYMENT_TARGET = 9.3;
				LD_RUNPATH_SEARCH_PATHS = "$(inherited) @executable_path/Frameworks";
				PRODUCT_BUNDLE_IDENTIFIER = "o.Mysterious-8-Ball";
				PRODUCT_NAME = "$(TARGET_NAME)";
				SWIFT_VERSION = 3.0;
			};
			name = Release;
		};
		3F1FB7731DF5DBD300BC641B /* Debug */ = {
			isa = XCBuildConfiguration;
			buildSettings = {
				ALWAYS_EMBED_SWIFT_STANDARD_LIBRARIES = YES;
				BUNDLE_LOADER = "$(TEST_HOST)";
				DEVELOPMENT_TEAM = 495Q2V2WJZ;
				INFOPLIST_FILE = "Mysterious 8 BallTests/Info.plist";
				LD_RUNPATH_SEARCH_PATHS = "$(inherited) @executable_path/Frameworks @loader_path/Frameworks";
				PRODUCT_BUNDLE_IDENTIFIER = "o.Mysterious-8-BallTests";
				PRODUCT_NAME = "$(TARGET_NAME)";
				SWIFT_VERSION = 3.0;
				TEST_HOST = "$(BUILT_PRODUCTS_DIR)/Mysterious 8 Ball.app/Mysterious 8 Ball";
			};
			name = Debug;
		};
		3F1FB7741DF5DBD300BC641B /* Release */ = {
			isa = XCBuildConfiguration;
			buildSettings = {
				ALWAYS_EMBED_SWIFT_STANDARD_LIBRARIES = YES;
				BUNDLE_LOADER = "$(TEST_HOST)";
				DEVELOPMENT_TEAM = 495Q2V2WJZ;
				INFOPLIST_FILE = "Mysterious 8 BallTests/Info.plist";
				LD_RUNPATH_SEARCH_PATHS = "$(inherited) @executable_path/Frameworks @loader_path/Frameworks";
				PRODUCT_BUNDLE_IDENTIFIER = "o.Mysterious-8-BallTests";
				PRODUCT_NAME = "$(TARGET_NAME)";
				SWIFT_VERSION = 3.0;
				TEST_HOST = "$(BUILT_PRODUCTS_DIR)/Mysterious 8 Ball.app/Mysterious 8 Ball";
			};
			name = Release;
		};
		3F1FB7761DF5DBD300BC641B /* Debug */ = {
			isa = XCBuildConfiguration;
			buildSettings = {
				ALWAYS_EMBED_SWIFT_STANDARD_LIBRARIES = YES;
				DEVELOPMENT_TEAM = 495Q2V2WJZ;
				INFOPLIST_FILE = "Mysterious 8 BallUITests/Info.plist";
				LD_RUNPATH_SEARCH_PATHS = "$(inherited) @executable_path/Frameworks @loader_path/Frameworks";
				PRODUCT_BUNDLE_IDENTIFIER = "o.Mysterious-8-BallUITests";
				PRODUCT_NAME = "$(TARGET_NAME)";
				SWIFT_VERSION = 3.0;
				TEST_TARGET_NAME = "Mysterious 8 Ball";
			};
			name = Debug;
		};
		3F1FB7771DF5DBD300BC641B /* Release */ = {
			isa = XCBuildConfiguration;
			buildSettings = {
				ALWAYS_EMBED_SWIFT_STANDARD_LIBRARIES = YES;
				DEVELOPMENT_TEAM = 495Q2V2WJZ;
				INFOPLIST_FILE = "Mysterious 8 BallUITests/Info.plist";
				LD_RUNPATH_SEARCH_PATHS = "$(inherited) @executable_path/Frameworks @loader_path/Frameworks";
				PRODUCT_BUNDLE_IDENTIFIER = "o.Mysterious-8-BallUITests";
				PRODUCT_NAME = "$(TARGET_NAME)";
				SWIFT_VERSION = 3.0;
				TEST_TARGET_NAME = "Mysterious 8 Ball";
			};
			name = Release;
		};
/* End XCBuildConfiguration section */

/* Begin XCConfigurationList section */
		3F1FB7421DF5DBD200BC641B /* Build configuration list for PBXProject "Mysterious 8 Ball" */ = {
			isa = XCConfigurationList;
			buildConfigurations = (
				3F1FB76D1DF5DBD300BC641B /* Debug */,
				3F1FB76E1DF5DBD300BC641B /* Release */,
			);
			defaultConfigurationIsVisible = 0;
			defaultConfigurationName = Release;
		};
		3F1FB76F1DF5DBD300BC641B /* Build configuration list for PBXNativeTarget "Mysterious 8 Ball" */ = {
			isa = XCConfigurationList;
			buildConfigurations = (
				3F1FB7701DF5DBD300BC641B /* Debug */,
				3F1FB7711DF5DBD300BC641B /* Release */,
			);
			defaultConfigurationIsVisible = 0;
			defaultConfigurationName = Release;
		};
		3F1FB7721DF5DBD300BC641B /* Build configuration list for PBXNativeTarget "Mysterious 8 BallTests" */ = {
			isa = XCConfigurationList;
			buildConfigurations = (
				3F1FB7731DF5DBD300BC641B /* Debug */,
				3F1FB7741DF5DBD300BC641B /* Release */,
			);
			defaultConfigurationIsVisible = 0;
			defaultConfigurationName = Release;
		};
		3F1FB7751DF5DBD300BC641B /* Build configuration list for PBXNativeTarget "Mysterious 8 BallUITests" */ = {
			isa = XCConfigurationList;
			buildConfigurations = (
				3F1FB7761DF5DBD300BC641B /* Debug */,
				3F1FB7771DF5DBD300BC641B /* Release */,
			);
			defaultConfigurationIsVisible = 0;
			defaultConfigurationName = Release;
		};
/* End XCConfigurationList section */
	};
	rootObject = 3F1FB73F1DF5DBD200BC641B /* Project object */;
}
